// !$*UTF8*$!
{
	archiveVersion = 1;
	classes = {
	};
	objectVersion = 55;
	objects = {

/* Begin PBXBuildFile section */
		14824C54DDF3F70B7290CFE4 /* Pods_imageObserver.framework in Frameworks */ = {isa = PBXBuildFile; fileRef = 24F653D3546686F9D03D9CE2 /* Pods_imageObserver.framework */; };
		F057DC4427DCBA830097A616 /* AppDelegate.swift in Sources */ = {isa = PBXBuildFile; fileRef = F057DC4327DCBA830097A616 /* AppDelegate.swift */; };
		F057DC4627DCBA830097A616 /* SceneDelegate.swift in Sources */ = {isa = PBXBuildFile; fileRef = F057DC4527DCBA830097A616 /* SceneDelegate.swift */; };
		F057DC4D27DCBA840097A616 /* Assets.xcassets in Resources */ = {isa = PBXBuildFile; fileRef = F057DC4C27DCBA840097A616 /* Assets.xcassets */; };
		F057DC5027DCBA840097A616 /* LaunchScreen.storyboard in Resources */ = {isa = PBXBuildFile; fileRef = F057DC4E27DCBA840097A616 /* LaunchScreen.storyboard */; };
		F057DC6527DCBFEA0097A616 /* MainViewController.swift in Sources */ = {isa = PBXBuildFile; fileRef = F057DC6427DCBFEA0097A616 /* MainViewController.swift */; };
		F057DC6727DCC0110097A616 /* MainViewInput.swift in Sources */ = {isa = PBXBuildFile; fileRef = F057DC6627DCC0110097A616 /* MainViewInput.swift */; };
		F057DC6927DCC0220097A616 /* MainViewOutput.swift in Sources */ = {isa = PBXBuildFile; fileRef = F057DC6827DCC0220097A616 /* MainViewOutput.swift */; };
		F057DC6B27DCC0390097A616 /* MainPresenter.swift in Sources */ = {isa = PBXBuildFile; fileRef = F057DC6A27DCC0390097A616 /* MainPresenter.swift */; };
		F057DC6D27DCC0460097A616 /* MainModel.swift in Sources */ = {isa = PBXBuildFile; fileRef = F057DC6C27DCC0460097A616 /* MainModel.swift */; };
		F057DC6F27DCC0530097A616 /* MainConfigurator.swift in Sources */ = {isa = PBXBuildFile; fileRef = F057DC6E27DCC0530097A616 /* MainConfigurator.swift */; };
		F057DC7127DCC3700097A616 /* MainViewControllerTableViewCell.swift in Sources */ = {isa = PBXBuildFile; fileRef = F057DC7027DCC3700097A616 /* MainViewControllerTableViewCell.swift */; };
		F057DC7427DCD5620097A616 /* ServerConstants.swift in Sources */ = {isa = PBXBuildFile; fileRef = F057DC7327DCD5620097A616 /* ServerConstants.swift */; };
		F057DC7627DCD6250097A616 /* MainAPI.swift in Sources */ = {isa = PBXBuildFile; fileRef = F057DC7527DCD6250097A616 /* MainAPI.swift */; };
		F057DC7827DCD7BD0097A616 /* ResponseModel.swift in Sources */ = {isa = PBXBuildFile; fileRef = F057DC7727DCD7BD0097A616 /* ResponseModel.swift */; };
		F057DC7A27DCD9D20097A616 /* Parser.swift in Sources */ = {isa = PBXBuildFile; fileRef = F057DC7927DCD9D20097A616 /* Parser.swift */; };
		F057DC7C27DCD9FA0097A616 /* MainService.swift in Sources */ = {isa = PBXBuildFile; fileRef = F057DC7B27DCD9FA0097A616 /* MainService.swift */; };
		F057DC8327DD000D0097A616 /* CheckLenthStringExtention.swift in Sources */ = {isa = PBXBuildFile; fileRef = F057DC8227DD000D0097A616 /* CheckLenthStringExtention.swift */; };
		F057DC8527DE041A0097A616 /* DetailViewController.swift in Sources */ = {isa = PBXBuildFile; fileRef = F057DC8427DE041A0097A616 /* DetailViewController.swift */; };
		F057DC8727DE042C0097A616 /* DetailPresenter.swift in Sources */ = {isa = PBXBuildFile; fileRef = F057DC8627DE042C0097A616 /* DetailPresenter.swift */; };
		F057DC8927DE043A0097A616 /* DetailConfigurator.swift in Sources */ = {isa = PBXBuildFile; fileRef = F057DC8827DE043A0097A616 /* DetailConfigurator.swift */; };
		F057DC8B27DE051D0097A616 /* DetailViewInput.swift in Sources */ = {isa = PBXBuildFile; fileRef = F057DC8A27DE051D0097A616 /* DetailViewInput.swift */; };
		F057DC8D27DE05280097A616 /* DetailViewOutput.swift in Sources */ = {isa = PBXBuildFile; fileRef = F057DC8C27DE05280097A616 /* DetailViewOutput.swift */; };
		F057DC9027DE207C0097A616 /* WebImageView.swift in Sources */ = {isa = PBXBuildFile; fileRef = F057DC8F27DE207C0097A616 /* WebImageView.swift */; };
		F057DC9327DE28E30097A616 /* FooterView.swift in Sources */ = {isa = PBXBuildFile; fileRef = F057DC9227DE28E30097A616 /* FooterView.swift */; };
		F057DC9527DE49440097A616 /* NetworkMonitor.swift in Sources */ = {isa = PBXBuildFile; fileRef = F057DC9427DE49440097A616 /* NetworkMonitor.swift */; };
		F057DC9B27DE5FBF0097A616 /* RealmBase.swift in Sources */ = {isa = PBXBuildFile; fileRef = F057DC9A27DE5FBF0097A616 /* RealmBase.swift */; };
/* End PBXBuildFile section */

/* Begin PBXFileReference section */
		24F653D3546686F9D03D9CE2 /* Pods_imageObserver.framework */ = {isa = PBXFileReference; explicitFileType = wrapper.framework; includeInIndex = 0; path = Pods_imageObserver.framework; sourceTree = BUILT_PRODUCTS_DIR; };
		3BED69172D4A073A1BF2C0CB /* Pods-imageObserver.debug.xcconfig */ = {isa = PBXFileReference; includeInIndex = 1; lastKnownFileType = text.xcconfig; name = "Pods-imageObserver.debug.xcconfig"; path = "Target Support Files/Pods-imageObserver/Pods-imageObserver.debug.xcconfig"; sourceTree = "<group>"; };
		9986601F062C917B46A34278 /* Pods-imageObserver.release.xcconfig */ = {isa = PBXFileReference; includeInIndex = 1; lastKnownFileType = text.xcconfig; name = "Pods-imageObserver.release.xcconfig"; path = "Target Support Files/Pods-imageObserver/Pods-imageObserver.release.xcconfig"; sourceTree = "<group>"; };
		F057DC4027DCBA830097A616 /* imageObserver.app */ = {isa = PBXFileReference; explicitFileType = wrapper.application; includeInIndex = 0; path = imageObserver.app; sourceTree = BUILT_PRODUCTS_DIR; };
		F057DC4327DCBA830097A616 /* AppDelegate.swift */ = {isa = PBXFileReference; lastKnownFileType = sourcecode.swift; path = AppDelegate.swift; sourceTree = "<group>"; };
		F057DC4527DCBA830097A616 /* SceneDelegate.swift */ = {isa = PBXFileReference; lastKnownFileType = sourcecode.swift; path = SceneDelegate.swift; sourceTree = "<group>"; };
		F057DC4C27DCBA840097A616 /* Assets.xcassets */ = {isa = PBXFileReference; lastKnownFileType = folder.assetcatalog; path = Assets.xcassets; sourceTree = "<group>"; };
		F057DC4F27DCBA840097A616 /* Base */ = {isa = PBXFileReference; lastKnownFileType = file.storyboard; name = Base; path = Base.lproj/LaunchScreen.storyboard; sourceTree = "<group>"; };
		F057DC5127DCBA840097A616 /* Info.plist */ = {isa = PBXFileReference; lastKnownFileType = text.plist.xml; path = Info.plist; sourceTree = "<group>"; };
		F057DC6427DCBFEA0097A616 /* MainViewController.swift */ = {isa = PBXFileReference; lastKnownFileType = sourcecode.swift; path = MainViewController.swift; sourceTree = "<group>"; };
		F057DC6627DCC0110097A616 /* MainViewInput.swift */ = {isa = PBXFileReference; lastKnownFileType = sourcecode.swift; path = MainViewInput.swift; sourceTree = "<group>"; };
		F057DC6827DCC0220097A616 /* MainViewOutput.swift */ = {isa = PBXFileReference; lastKnownFileType = sourcecode.swift; path = MainViewOutput.swift; sourceTree = "<group>"; };
		F057DC6A27DCC0390097A616 /* MainPresenter.swift */ = {isa = PBXFileReference; lastKnownFileType = sourcecode.swift; path = MainPresenter.swift; sourceTree = "<group>"; };
		F057DC6C27DCC0460097A616 /* MainModel.swift */ = {isa = PBXFileReference; lastKnownFileType = sourcecode.swift; path = MainModel.swift; sourceTree = "<group>"; };
		F057DC6E27DCC0530097A616 /* MainConfigurator.swift */ = {isa = PBXFileReference; lastKnownFileType = sourcecode.swift; path = MainConfigurator.swift; sourceTree = "<group>"; };
		F057DC7027DCC3700097A616 /* MainViewControllerTableViewCell.swift */ = {isa = PBXFileReference; lastKnownFileType = sourcecode.swift; path = MainViewControllerTableViewCell.swift; sourceTree = "<group>"; };
		F057DC7327DCD5620097A616 /* ServerConstants.swift */ = {isa = PBXFileReference; lastKnownFileType = sourcecode.swift; path = ServerConstants.swift; sourceTree = "<group>"; };
		F057DC7527DCD6250097A616 /* MainAPI.swift */ = {isa = PBXFileReference; lastKnownFileType = sourcecode.swift; path = MainAPI.swift; sourceTree = "<group>"; };
		F057DC7727DCD7BD0097A616 /* ResponseModel.swift */ = {isa = PBXFileReference; lastKnownFileType = sourcecode.swift; path = ResponseModel.swift; sourceTree = "<group>"; };
		F057DC7927DCD9D20097A616 /* Parser.swift */ = {isa = PBXFileReference; lastKnownFileType = sourcecode.swift; path = Parser.swift; sourceTree = "<group>"; };
		F057DC7B27DCD9FA0097A616 /* MainService.swift */ = {isa = PBXFileReference; lastKnownFileType = sourcecode.swift; path = MainService.swift; sourceTree = "<group>"; };
		F057DC8227DD000D0097A616 /* CheckLenthStringExtention.swift */ = {isa = PBXFileReference; lastKnownFileType = sourcecode.swift; path = CheckLenthStringExtention.swift; sourceTree = "<group>"; };
		F057DC8427DE041A0097A616 /* DetailViewController.swift */ = {isa = PBXFileReference; lastKnownFileType = sourcecode.swift; path = DetailViewController.swift; sourceTree = "<group>"; };
		F057DC8627DE042C0097A616 /* DetailPresenter.swift */ = {isa = PBXFileReference; lastKnownFileType = sourcecode.swift; path = DetailPresenter.swift; sourceTree = "<group>"; };
		F057DC8827DE043A0097A616 /* DetailConfigurator.swift */ = {isa = PBXFileReference; lastKnownFileType = sourcecode.swift; path = DetailConfigurator.swift; sourceTree = "<group>"; };
		F057DC8A27DE051D0097A616 /* DetailViewInput.swift */ = {isa = PBXFileReference; lastKnownFileType = sourcecode.swift; path = DetailViewInput.swift; sourceTree = "<group>"; };
		F057DC8C27DE05280097A616 /* DetailViewOutput.swift */ = {isa = PBXFileReference; lastKnownFileType = sourcecode.swift; path = DetailViewOutput.swift; sourceTree = "<group>"; };
		F057DC8F27DE207C0097A616 /* WebImageView.swift */ = {isa = PBXFileReference; lastKnownFileType = sourcecode.swift; path = WebImageView.swift; sourceTree = "<group>"; };
		F057DC9227DE28E30097A616 /* FooterView.swift */ = {isa = PBXFileReference; lastKnownFileType = sourcecode.swift; path = FooterView.swift; sourceTree = "<group>"; };
		F057DC9427DE49440097A616 /* NetworkMonitor.swift */ = {isa = PBXFileReference; lastKnownFileType = sourcecode.swift; path = NetworkMonitor.swift; sourceTree = "<group>"; };
		F057DC9A27DE5FBF0097A616 /* RealmBase.swift */ = {isa = PBXFileReference; lastKnownFileType = sourcecode.swift; path = RealmBase.swift; sourceTree = "<group>"; };
/* End PBXFileReference section */

/* Begin PBXFrameworksBuildPhase section */
		F057DC3D27DCBA830097A616 /* Frameworks */ = {
			isa = PBXFrameworksBuildPhase;
			buildActionMask = 2147483647;
			files = (
				14824C54DDF3F70B7290CFE4 /* Pods_imageObserver.framework in Frameworks */,
			);
			runOnlyForDeploymentPostprocessing = 0;
		};
/* End PBXFrameworksBuildPhase section */

/* Begin PBXGroup section */
		0A3E04D3D0A4C3E4A66D5A9C /* Frameworks */ = {
			isa = PBXGroup;
			children = (
				24F653D3546686F9D03D9CE2 /* Pods_imageObserver.framework */,
			);
			name = Frameworks;
			sourceTree = "<group>";
		};
		61A0906FEC9485830798FD07 /* Pods */ = {
			isa = PBXGroup;
			children = (
				3BED69172D4A073A1BF2C0CB /* Pods-imageObserver.debug.xcconfig */,
				9986601F062C917B46A34278 /* Pods-imageObserver.release.xcconfig */,
			);
			path = Pods;
			sourceTree = "<group>";
		};
		F057DC3727DCBA830097A616 = {
			isa = PBXGroup;
			children = (
				F057DC4227DCBA830097A616 /* imageObserver */,
				F057DC4127DCBA830097A616 /* Products */,
				61A0906FEC9485830798FD07 /* Pods */,
				0A3E04D3D0A4C3E4A66D5A9C /* Frameworks */,
			);
			sourceTree = "<group>";
		};
		F057DC4127DCBA830097A616 /* Products */ = {
			isa = PBXGroup;
			children = (
				F057DC4027DCBA830097A616 /* imageObserver.app */,
			);
			name = Products;
			sourceTree = "<group>";
		};
		F057DC4227DCBA830097A616 /* imageObserver */ = {
			isa = PBXGroup;
			children = (
				F057DC8E27DE20660097A616 /* Helpers */,
				F057DC8127DCFFF30097A616 /* Extentions */,
				F057DC5927DCBCC40097A616 /* Modules */,
				F057DC5827DCBCBC0097A616 /* Logic */,
				F057DC5727DCBCB60097A616 /* App */,
				F057DC5127DCBA840097A616 /* Info.plist */,
			);
			path = imageObserver;
			sourceTree = "<group>";
		};
		F057DC5727DCBCB60097A616 /* App */ = {
			isa = PBXGroup;
			children = (
				F057DC4327DCBA830097A616 /* AppDelegate.swift */,
				F057DC4527DCBA830097A616 /* SceneDelegate.swift */,
				F057DC4C27DCBA840097A616 /* Assets.xcassets */,
				F057DC4E27DCBA840097A616 /* LaunchScreen.storyboard */,
			);
			path = App;
			sourceTree = "<group>";
		};
		F057DC5827DCBCBC0097A616 /* Logic */ = {
			isa = PBXGroup;
			children = (
				F057DC9927DE5FB00097A616 /* RealmBase */,
				F057DC7227DCD3960097A616 /* Network */,
			);
			path = Logic;
			sourceTree = "<group>";
		};
		F057DC5927DCBCC40097A616 /* Modules */ = {
			isa = PBXGroup;
			children = (
				F057DC5E27DCBEF70097A616 /* Detail */,
				F057DC5A27DCBED40097A616 /* Main */,
			);
			path = Modules;
			sourceTree = "<group>";
		};
		F057DC5A27DCBED40097A616 /* Main */ = {
			isa = PBXGroup;
			children = (
				F057DC6227DCBF160097A616 /* Configurator */,
				F057DC5D27DCBEED0097A616 /* Model */,
				F057DC5C27DCBEE70097A616 /* View */,
				F057DC5B27DCBEDC0097A616 /* Presenter */,
			);
			path = Main;
			sourceTree = "<group>";
		};
		F057DC5B27DCBEDC0097A616 /* Presenter */ = {
			isa = PBXGroup;
			children = (
				F057DC6A27DCC0390097A616 /* MainPresenter.swift */,
			);
			path = Presenter;
			sourceTree = "<group>";
		};
		F057DC5C27DCBEE70097A616 /* View */ = {
			isa = PBXGroup;
			children = (
				F057DC9127DE28D60097A616 /* FooterView */,
				F057DC6427DCBFEA0097A616 /* MainViewController.swift */,
				F057DC7027DCC3700097A616 /* MainViewControllerTableViewCell.swift */,
				F057DC6627DCC0110097A616 /* MainViewInput.swift */,
				F057DC6827DCC0220097A616 /* MainViewOutput.swift */,
			);
			path = View;
			sourceTree = "<group>";
		};
		F057DC5D27DCBEED0097A616 /* Model */ = {
			isa = PBXGroup;
			children = (
				F057DC6C27DCC0460097A616 /* MainModel.swift */,
			);
			path = Model;
			sourceTree = "<group>";
		};
		F057DC5E27DCBEF70097A616 /* Detail */ = {
			isa = PBXGroup;
			children = (
				F057DC6327DCBF230097A616 /* Configurator */,
				F057DC6127DCBF0C0097A616 /* Model */,
				F057DC6027DCBF050097A616 /* View */,
				F057DC5F27DCBEFD0097A616 /* Presenter */,
			);
			path = Detail;
			sourceTree = "<group>";
		};
		F057DC5F27DCBEFD0097A616 /* Presenter */ = {
			isa = PBXGroup;
			children = (
				F057DC8627DE042C0097A616 /* DetailPresenter.swift */,
			);
			path = Presenter;
			sourceTree = "<group>";
		};
		F057DC6027DCBF050097A616 /* View */ = {
			isa = PBXGroup;
			children = (
				F057DC8427DE041A0097A616 /* DetailViewController.swift */,
				F057DC8A27DE051D0097A616 /* DetailViewInput.swift */,
				F057DC8C27DE05280097A616 /* DetailViewOutput.swift */,
			);
			path = View;
			sourceTree = "<group>";
		};
		F057DC6127DCBF0C0097A616 /* Model */ = {
			isa = PBXGroup;
			children = (
			);
			path = Model;
			sourceTree = "<group>";
		};
		F057DC6227DCBF160097A616 /* Configurator */ = {
			isa = PBXGroup;
			children = (
				F057DC6E27DCC0530097A616 /* MainConfigurator.swift */,
			);
			path = Configurator;
			sourceTree = "<group>";
		};
		F057DC6327DCBF230097A616 /* Configurator */ = {
			isa = PBXGroup;
			children = (
				F057DC8827DE043A0097A616 /* DetailConfigurator.swift */,
			);
			path = Configurator;
			sourceTree = "<group>";
		};
		F057DC7227DCD3960097A616 /* Network */ = {
			isa = PBXGroup;
			children = (
				F057DC7327DCD5620097A616 /* ServerConstants.swift */,
				F057DC7527DCD6250097A616 /* MainAPI.swift */,
				F057DC7727DCD7BD0097A616 /* ResponseModel.swift */,
				F057DC7927DCD9D20097A616 /* Parser.swift */,
				F057DC7B27DCD9FA0097A616 /* MainService.swift */,
			);
			path = Network;
			sourceTree = "<group>";
		};
		F057DC8127DCFFF30097A616 /* Extentions */ = {
			isa = PBXGroup;
			children = (
				F057DC8227DD000D0097A616 /* CheckLenthStringExtention.swift */,
			);
			path = Extentions;
			sourceTree = "<group>";
		};
		F057DC8E27DE20660097A616 /* Helpers */ = {
			isa = PBXGroup;
			children = (
				F057DC8F27DE207C0097A616 /* WebImageView.swift */,
				F057DC9427DE49440097A616 /* NetworkMonitor.swift */,
			);
			path = Helpers;
			sourceTree = "<group>";
		};
		F057DC9127DE28D60097A616 /* FooterView */ = {
			isa = PBXGroup;
			children = (
				F057DC9227DE28E30097A616 /* FooterView.swift */,
			);
			path = FooterView;
			sourceTree = "<group>";
		};
		F057DC9927DE5FB00097A616 /* RealmBase */ = {
			isa = PBXGroup;
			children = (
				F057DC9A27DE5FBF0097A616 /* RealmBase.swift */,
			);
			path = RealmBase;
			sourceTree = "<group>";
		};
/* End PBXGroup section */

/* Begin PBXNativeTarget section */
		F057DC3F27DCBA830097A616 /* imageObserver */ = {
			isa = PBXNativeTarget;
			buildConfigurationList = F057DC5427DCBA840097A616 /* Build configuration list for PBXNativeTarget "imageObserver" */;
			buildPhases = (
				0E2827D44F0D6D7ECD9201C2 /* [CP] Check Pods Manifest.lock */,
				F057DC3C27DCBA830097A616 /* Sources */,
				F057DC3D27DCBA830097A616 /* Frameworks */,
				F057DC3E27DCBA830097A616 /* Resources */,
				95BC289BCA405C2709932BA3 /* [CP] Embed Pods Frameworks */,
			);
			buildRules = (
			);
			dependencies = (
			);
			name = imageObserver;
			productName = imageObserver;
			productReference = F057DC4027DCBA830097A616 /* imageObserver.app */;
			productType = "com.apple.product-type.application";
		};
/* End PBXNativeTarget section */

/* Begin PBXProject section */
		F057DC3827DCBA830097A616 /* Project object */ = {
			isa = PBXProject;
			attributes = {
				BuildIndependentTargetsInParallel = 1;
				LastSwiftUpdateCheck = 1320;
				LastUpgradeCheck = 1320;
				TargetAttributes = {
					F057DC3F27DCBA830097A616 = {
						CreatedOnToolsVersion = 13.2.1;
					};
				};
			};
			buildConfigurationList = F057DC3B27DCBA830097A616 /* Build configuration list for PBXProject "imageObserver" */;
			compatibilityVersion = "Xcode 13.0";
			developmentRegion = en;
			hasScannedForEncodings = 0;
			knownRegions = (
				en,
				Base,
			);
			mainGroup = F057DC3727DCBA830097A616;
			productRefGroup = F057DC4127DCBA830097A616 /* Products */;
			projectDirPath = "";
			projectRoot = "";
			targets = (
				F057DC3F27DCBA830097A616 /* imageObserver */,
			);
		};
/* End PBXProject section */

/* Begin PBXResourcesBuildPhase section */
		F057DC3E27DCBA830097A616 /* Resources */ = {
			isa = PBXResourcesBuildPhase;
			buildActionMask = 2147483647;
			files = (
				F057DC5027DCBA840097A616 /* LaunchScreen.storyboard in Resources */,
				F057DC4D27DCBA840097A616 /* Assets.xcassets in Resources */,
			);
			runOnlyForDeploymentPostprocessing = 0;
		};
/* End PBXResourcesBuildPhase section */

/* Begin PBXShellScriptBuildPhase section */
		0E2827D44F0D6D7ECD9201C2 /* [CP] Check Pods Manifest.lock */ = {
			isa = PBXShellScriptBuildPhase;
			buildActionMask = 2147483647;
			files = (
			);
			inputFileListPaths = (
			);
			inputPaths = (
				"${PODS_PODFILE_DIR_PATH}/Podfile.lock",
				"${PODS_ROOT}/Manifest.lock",
			);
			name = "[CP] Check Pods Manifest.lock";
			outputFileListPaths = (
			);
			outputPaths = (
				"$(DERIVED_FILE_DIR)/Pods-imageObserver-checkManifestLockResult.txt",
			);
			runOnlyForDeploymentPostprocessing = 0;
			shellPath = /bin/sh;
			shellScript = "diff \"${PODS_PODFILE_DIR_PATH}/Podfile.lock\" \"${PODS_ROOT}/Manifest.lock\" > /dev/null\nif [ $? != 0 ] ; then\n    # print error to STDERR\n    echo \"error: The sandbox is not in sync with the Podfile.lock. Run 'pod install' or update your CocoaPods installation.\" >&2\n    exit 1\nfi\n# This output is used by Xcode 'outputs' to avoid re-running this script phase.\necho \"SUCCESS\" > \"${SCRIPT_OUTPUT_FILE_0}\"\n";
			showEnvVarsInLog = 0;
		};
		95BC289BCA405C2709932BA3 /* [CP] Embed Pods Frameworks */ = {
			isa = PBXShellScriptBuildPhase;
			buildActionMask = 2147483647;
			files = (
			);
			inputFileListPaths = (
				"${PODS_ROOT}/Target Support Files/Pods-imageObserver/Pods-imageObserver-frameworks-${CONFIGURATION}-input-files.xcfilelist",
			);
			name = "[CP] Embed Pods Frameworks";
			outputFileListPaths = (
				"${PODS_ROOT}/Target Support Files/Pods-imageObserver/Pods-imageObserver-frameworks-${CONFIGURATION}-output-files.xcfilelist",
			);
			runOnlyForDeploymentPostprocessing = 0;
			shellPath = /bin/sh;
			shellScript = "\"${PODS_ROOT}/Target Support Files/Pods-imageObserver/Pods-imageObserver-frameworks.sh\"\n";
			showEnvVarsInLog = 0;
		};
/* End PBXShellScriptBuildPhase section */

/* Begin PBXSourcesBuildPhase section */
		F057DC3C27DCBA830097A616 /* Sources */ = {
			isa = PBXSourcesBuildPhase;
			buildActionMask = 2147483647;
			files = (
				F057DC7C27DCD9FA0097A616 /* MainService.swift in Sources */,
				F057DC9527DE49440097A616 /* NetworkMonitor.swift in Sources */,
				F057DC7427DCD5620097A616 /* ServerConstants.swift in Sources */,
				F057DC6527DCBFEA0097A616 /* MainViewController.swift in Sources */,
				F057DC9B27DE5FBF0097A616 /* RealmBase.swift in Sources */,
				F057DC6F27DCC0530097A616 /* MainConfigurator.swift in Sources */,
				F057DC6B27DCC0390097A616 /* MainPresenter.swift in Sources */,
				F057DC7A27DCD9D20097A616 /* Parser.swift in Sources */,
				F057DC6927DCC0220097A616 /* MainViewOutput.swift in Sources */,
				F057DC6D27DCC0460097A616 /* MainModel.swift in Sources */,
				F057DC8527DE041A0097A616 /* DetailViewController.swift in Sources */,
				F057DC8727DE042C0097A616 /* DetailPresenter.swift in Sources */,
				F057DC8D27DE05280097A616 /* DetailViewOutput.swift in Sources */,
				F057DC4427DCBA830097A616 /* AppDelegate.swift in Sources */,
				F057DC7127DCC3700097A616 /* MainViewControllerTableViewCell.swift in Sources */,
				F057DC8927DE043A0097A616 /* DetailConfigurator.swift in Sources */,
				F057DC8B27DE051D0097A616 /* DetailViewInput.swift in Sources */,
				F057DC6727DCC0110097A616 /* MainViewInput.swift in Sources */,
				F057DC7627DCD6250097A616 /* MainAPI.swift in Sources */,
				F057DC9027DE207C0097A616 /* WebImageView.swift in Sources */,
				F057DC7827DCD7BD0097A616 /* ResponseModel.swift in Sources */,
				F057DC8327DD000D0097A616 /* CheckLenthStringExtention.swift in Sources */,
				F057DC4627DCBA830097A616 /* SceneDelegate.swift in Sources */,
				F057DC9327DE28E30097A616 /* FooterView.swift in Sources */,
			);
			runOnlyForDeploymentPostprocessing = 0;
		};
/* End PBXSourcesBuildPhase section */

/* Begin PBXVariantGroup section */
		F057DC4E27DCBA840097A616 /* LaunchScreen.storyboard */ = {
			isa = PBXVariantGroup;
			children = (
				F057DC4F27DCBA840097A616 /* Base */,
			);
			name = LaunchScreen.storyboard;
			sourceTree = "<group>";
		};
/* End PBXVariantGroup section */

/* Begin XCBuildConfiguration section */
		F057DC5227DCBA840097A616 /* Debug */ = {
			isa = XCBuildConfiguration;
			buildSettings = {
				ALWAYS_SEARCH_USER_PATHS = NO;
				CLANG_ANALYZER_NONNULL = YES;
				CLANG_ANALYZER_NUMBER_OBJECT_CONVERSION = YES_AGGRESSIVE;
				CLANG_CXX_LANGUAGE_STANDARD = "gnu++17";
				CLANG_CXX_LIBRARY = "libc++";
				CLANG_ENABLE_MODULES = YES;
				CLANG_ENABLE_OBJC_ARC = YES;
				CLANG_ENABLE_OBJC_WEAK = YES;
				CLANG_WARN_BLOCK_CAPTURE_AUTORELEASING = YES;
				CLANG_WARN_BOOL_CONVERSION = YES;
				CLANG_WARN_COMMA = YES;
				CLANG_WARN_CONSTANT_CONVERSION = YES;
				CLANG_WARN_DEPRECATED_OBJC_IMPLEMENTATIONS = YES;
				CLANG_WARN_DIRECT_OBJC_ISA_USAGE = YES_ERROR;
				CLANG_WARN_DOCUMENTATION_COMMENTS = YES;
				CLANG_WARN_EMPTY_BODY = YES;
				CLANG_WARN_ENUM_CONVERSION = YES;
				CLANG_WARN_INFINITE_RECURSION = YES;
				CLANG_WARN_INT_CONVERSION = YES;
				CLANG_WARN_NON_LITERAL_NULL_CONVERSION = YES;
				CLANG_WARN_OBJC_IMPLICIT_RETAIN_SELF = YES;
				CLANG_WARN_OBJC_LITERAL_CONVERSION = YES;
				CLANG_WARN_OBJC_ROOT_CLASS = YES_ERROR;
				CLANG_WARN_QUOTED_INCLUDE_IN_FRAMEWORK_HEADER = YES;
				CLANG_WARN_RANGE_LOOP_ANALYSIS = YES;
				CLANG_WARN_STRICT_PROTOTYPES = YES;
				CLANG_WARN_SUSPICIOUS_MOVE = YES;
				CLANG_WARN_UNGUARDED_AVAILABILITY = YES_AGGRESSIVE;
				CLANG_WARN_UNREACHABLE_CODE = YES;
				CLANG_WARN__DUPLICATE_METHOD_MATCH = YES;
				COPY_PHASE_STRIP = NO;
				DEBUG_INFORMATION_FORMAT = dwarf;
				ENABLE_STRICT_OBJC_MSGSEND = YES;
				ENABLE_TESTABILITY = YES;
				GCC_C_LANGUAGE_STANDARD = gnu11;
				GCC_DYNAMIC_NO_PIC = NO;
				GCC_NO_COMMON_BLOCKS = YES;
				GCC_OPTIMIZATION_LEVEL = 0;
				GCC_PREPROCESSOR_DEFINITIONS = (
					"DEBUG=1",
					"$(inherited)",
				);
				GCC_WARN_64_TO_32_BIT_CONVERSION = YES;
				GCC_WARN_ABOUT_RETURN_TYPE = YES_ERROR;
				GCC_WARN_UNDECLARED_SELECTOR = YES;
				GCC_WARN_UNINITIALIZED_AUTOS = YES_AGGRESSIVE;
				GCC_WARN_UNUSED_FUNCTION = YES;
				GCC_WARN_UNUSED_VARIABLE = YES;
				IPHONEOS_DEPLOYMENT_TARGET = 15.2;
				MTL_ENABLE_DEBUG_INFO = INCLUDE_SOURCE;
				MTL_FAST_MATH = YES;
				ONLY_ACTIVE_ARCH = YES;
				SDKROOT = iphoneos;
				SWIFT_ACTIVE_COMPILATION_CONDITIONS = DEBUG;
				SWIFT_OPTIMIZATION_LEVEL = "-Onone";
			};
			name = Debug;
		};
		F057DC5327DCBA840097A616 /* Release */ = {
			isa = XCBuildConfiguration;
			buildSettings = {
				ALWAYS_SEARCH_USER_PATHS = NO;
				CLANG_ANALYZER_NONNULL = YES;
				CLANG_ANALYZER_NUMBER_OBJECT_CONVERSION = YES_AGGRESSIVE;
				CLANG_CXX_LANGUAGE_STANDARD = "gnu++17";
				CLANG_CXX_LIBRARY = "libc++";
				CLANG_ENABLE_MODULES = YES;
				CLANG_ENABLE_OBJC_ARC = YES;
				CLANG_ENABLE_OBJC_WEAK = YES;
				CLANG_WARN_BLOCK_CAPTURE_AUTORELEASING = YES;
				CLANG_WARN_BOOL_CONVERSION = YES;
				CLANG_WARN_COMMA = YES;
				CLANG_WARN_CONSTANT_CONVERSION = YES;
				CLANG_WARN_DEPRECATED_OBJC_IMPLEMENTATIONS = YES;
				CLANG_WARN_DIRECT_OBJC_ISA_USAGE = YES_ERROR;
				CLANG_WARN_DOCUMENTATION_COMMENTS = YES;
				CLANG_WARN_EMPTY_BODY = YES;
				CLANG_WARN_ENUM_CONVERSION = YES;
				CLANG_WARN_INFINITE_RECURSION = YES;
				CLANG_WARN_INT_CONVERSION = YES;
				CLANG_WARN_NON_LITERAL_NULL_CONVERSION = YES;
				CLANG_WARN_OBJC_IMPLICIT_RETAIN_SELF = YES;
				CLANG_WARN_OBJC_LITERAL_CONVERSION = YES;
				CLANG_WARN_OBJC_ROOT_CLASS = YES_ERROR;
				CLANG_WARN_QUOTED_INCLUDE_IN_FRAMEWORK_HEADER = YES;
				CLANG_WARN_RANGE_LOOP_ANALYSIS = YES;
				CLANG_WARN_STRICT_PROTOTYPES = YES;
				CLANG_WARN_SUSPICIOUS_MOVE = YES;
				CLANG_WARN_UNGUARDED_AVAILABILITY = YES_AGGRESSIVE;
				CLANG_WARN_UNREACHABLE_CODE = YES;
				CLANG_WARN__DUPLICATE_METHOD_MATCH = YES;
				COPY_PHASE_STRIP = NO;
				DEBUG_INFORMATION_FORMAT = "dwarf-with-dsym";
				ENABLE_NS_ASSERTIONS = NO;
				ENABLE_STRICT_OBJC_MSGSEND = YES;
				GCC_C_LANGUAGE_STANDARD = gnu11;
				GCC_NO_COMMON_BLOCKS = YES;
				GCC_WARN_64_TO_32_BIT_CONVERSION = YES;
				GCC_WARN_ABOUT_RETURN_TYPE = YES_ERROR;
				GCC_WARN_UNDECLARED_SELECTOR = YES;
				GCC_WARN_UNINITIALIZED_AUTOS = YES_AGGRESSIVE;
				GCC_WARN_UNUSED_FUNCTION = YES;
				GCC_WARN_UNUSED_VARIABLE = YES;
				IPHONEOS_DEPLOYMENT_TARGET = 15.2;
				MTL_ENABLE_DEBUG_INFO = NO;
				MTL_FAST_MATH = YES;
				SDKROOT = iphoneos;
				SWIFT_COMPILATION_MODE = wholemodule;
				SWIFT_OPTIMIZATION_LEVEL = "-O";
				VALIDATE_PRODUCT = YES;
			};
			name = Release;
		};
		F057DC5527DCBA840097A616 /* Debug */ = {
			isa = XCBuildConfiguration;
			baseConfigurationReference = 3BED69172D4A073A1BF2C0CB /* Pods-imageObserver.debug.xcconfig */;
			buildSettings = {
				ASSETCATALOG_COMPILER_APPICON_NAME = AppIcon;
				ASSETCATALOG_COMPILER_GLOBAL_ACCENT_COLOR_NAME = AccentColor;
				CODE_SIGN_STYLE = Automatic;
				CURRENT_PROJECT_VERSION = 1;
				DEVELOPMENT_TEAM = 43YW7WBN9A;
				GENERATE_INFOPLIST_FILE = YES;
				INFOPLIST_FILE = imageObserver/Info.plist;
				INFOPLIST_KEY_UIApplicationSupportsIndirectInputEvents = YES;
				INFOPLIST_KEY_UILaunchStoryboardName = LaunchScreen;
				INFOPLIST_KEY_UISupportedInterfaceOrientations = UIInterfaceOrientationPortrait;
				INFOPLIST_KEY_UISupportedInterfaceOrientations_iPad = "UIInterfaceOrientationPortrait UIInterfaceOrientationPortraitUpsideDown UIInterfaceOrientationLandscapeLeft UIInterfaceOrientationLandscapeRight";
				INFOPLIST_KEY_UISupportedInterfaceOrientations_iPhone = "UIInterfaceOrientationPortrait UIInterfaceOrientationLandscapeLeft UIInterfaceOrientationLandscapeRight";
				IPHONEOS_DEPLOYMENT_TARGET = 15.2;
				LD_RUNPATH_SEARCH_PATHS = (
					"$(inherited)",
					"@executable_path/Frameworks",
				);
				MARKETING_VERSION = 1.0;
				PRODUCT_BUNDLE_IDENTIFIER = "Artyom-Amankeldiev.imageObserver";
				PRODUCT_NAME = "$(TARGET_NAME)";
				SWIFT_EMIT_LOC_STRINGS = YES;
				SWIFT_VERSION = 5.0;
				TARGETED_DEVICE_FAMILY = 1;
			};
			name = Debug;
		};
		F057DC5627DCBA840097A616 /* Release */ = {
			isa = XCBuildConfiguration;
			baseConfigurationReference = 9986601F062C917B46A34278 /* Pods-imageObserver.release.xcconfig */;
			buildSettings = {
				ASSETCATALOG_COMPILER_APPICON_NAME = AppIcon;
				ASSETCATALOG_COMPILER_GLOBAL_ACCENT_COLOR_NAME = AccentColor;
				CODE_SIGN_STYLE = Automatic;
				CURRENT_PROJECT_VERSION = 1;
				DEVELOPMENT_TEAM = 43YW7WBN9A;
				GENERATE_INFOPLIST_FILE = YES;
				INFOPLIST_FILE = imageObserver/Info.plist;
				INFOPLIST_KEY_UIApplicationSupportsIndirectInputEvents = YES;
				INFOPLIST_KEY_UILaunchStoryboardName = LaunchScreen;
				INFOPLIST_KEY_UISupportedInterfaceOrientations = UIInterfaceOrientationPortrait;
				INFOPLIST_KEY_UISupportedInterfaceOrientations_iPad = "UIInterfaceOrientationPortrait UIInterfaceOrientationPortraitUpsideDown UIInterfaceOrientationLandscapeLeft UIInterfaceOrientationLandscapeRight";
				INFOPLIST_KEY_UISupportedInterfaceOrientations_iPhone = "UIInterfaceOrientationPortrait UIInterfaceOrientationLandscapeLeft UIInterfaceOrientationLandscapeRight";
				IPHONEOS_DEPLOYMENT_TARGET = 15.2;
				LD_RUNPATH_SEARCH_PATHS = (
					"$(inherited)",
					"@executable_path/Frameworks",
				);
				MARKETING_VERSION = 1.0;
				PRODUCT_BUNDLE_IDENTIFIER = "Artyom-Amankeldiev.imageObserver";
				PRODUCT_NAME = "$(TARGET_NAME)";
				SWIFT_EMIT_LOC_STRINGS = YES;
				SWIFT_VERSION = 5.0;
				TARGETED_DEVICE_FAMILY = 1;
			};
			name = Release;
		};
/* End XCBuildConfiguration section */

/* Begin XCConfigurationList section */
		F057DC3B27DCBA830097A616 /* Build configuration list for PBXProject "imageObserver" */ = {
			isa = XCConfigurationList;
			buildConfigurations = (
				F057DC5227DCBA840097A616 /* Debug */,
				F057DC5327DCBA840097A616 /* Release */,
			);
			defaultConfigurationIsVisible = 0;
			defaultConfigurationName = Release;
		};
		F057DC5427DCBA840097A616 /* Build configuration list for PBXNativeTarget "imageObserver" */ = {
			isa = XCConfigurationList;
			buildConfigurations = (
				F057DC5527DCBA840097A616 /* Debug */,
				F057DC5627DCBA840097A616 /* Release */,
			);
			defaultConfigurationIsVisible = 0;
			defaultConfigurationName = Release;
		};
/* End XCConfigurationList section */
	};
	rootObject = F057DC3827DCBA830097A616 /* Project object */;
}
